
Microsoft Visual Studio Solution File, Format Version 12.00
# Visual Studio 15
VisualStudioVersion = 15.0.26730.15
MinimumVisualStudioVersion = 10.0.40219.1
Project("{FAE04EC0-301F-11D3-BF4B-00C04F79EFBC}") = "eCommerse.Contracts", "eCommerse.Contracts\eCommerse.Contracts.csproj", "{3E92DF5E-F8E6-44E8-913A-A54AA40B1B04}"
EndProject
Project("{FAE04EC0-301F-11D3-BF4B-00C04F79EFBC}") = "eCommerse.Model", "eCommerse.Model\eCommerse.Model.csproj", "{2C134720-358E-48B7-817E-6D955BC7165E}"
EndProject
Project("{FAE04EC0-301F-11D3-BF4B-00C04F79EFBC}") = "eCommerse.DAL", "eCommerse.DAL\eCommerse.DAL.csproj", "{1960772A-219B-456A-B77F-A2EDEA3FF102}"
EndProject
Global
	GlobalSection(SolutionConfigurationPlatforms) = preSolution
		Debug|Any CPU = Debug|Any CPU
		Release|Any CPU = Release|Any CPU
	EndGlobalSection
	GlobalSection(ProjectConfigurationPlatforms) = postSolution
		{3E92DF5E-F8E6-44E8-913A-A54AA40B1B04}.Debug|Any CPU.ActiveCfg = Debug|Any CPU
		{3E92DF5E-F8E6-44E8-913A-A54AA40B1B04}.Debug|Any CPU.Build.0 = Debug|Any CPU
		{3E92DF5E-F8E6-44E8-913A-A54AA40B1B04}.Release|Any CPU.ActiveCfg = Release|Any CPU
		{3E92DF5E-F8E6-44E8-913A-A54AA40B1B04}.Release|Any CPU.Build.0 = Release|Any CPU
		{2C134720-358E-48B7-817E-6D955BC7165E}.Debug|Any CPU.ActiveCfg = Debug|Any CPU
		{2C134720-358E-48B7-817E-6D955BC7165E}.Debug|Any CPU.Build.0 = Debug|Any CPU
		{2C134720-358E-48B7-817E-6D955BC7165E}.Release|Any CPU.ActiveCfg = Release|Any CPU
		{2C134720-358E-48B7-817E-6D955BC7165E}.Release|Any CPU.Build.0 = Release|Any CPU
		{1960772A-219B-456A-B77F-A2EDEA3FF102}.Debug|Any CPU.ActiveCfg = Debug|Any CPU
		{1960772A-219B-456A-B77F-A2EDEA3FF102}.Debug|Any CPU.Build.0 = Debug|Any CPU
		{1960772A-219B-456A-B77F-A2EDEA3FF102}.Release|Any CPU.ActiveCfg = Release|Any CPU
		{1960772A-219B-456A-B77F-A2EDEA3FF102}.Release|Any CPU.Build.0 = Release|Any CPU
	EndGlobalSection
	GlobalSection(SolutionProperties) = preSolution
		HideSolutionNode = FALSE
	EndGlobalSection
	GlobalSection(ExtensibilityGlobals) = postSolution
		SolutionGuid = {2FA06A82-5561-4B0C-B9F5-547A75FD3D72}
	EndGlobalSection
EndGlobal
