
Microsoft Visual Studio Solution File, Format Version 12.00
# Visual Studio 15
VisualStudioVersion = 15.0.26730.15
MinimumVisualStudioVersion = 10.0.40219.1
Project("{FAE04EC0-301F-11D3-BF4B-00C04F79EFBC}") = "ExploreCalifornia", "ExploreCalifornia\ExploreCalifornia.csproj", "{6F05C021-80E2-4013-9486-3C582DB5E9BD}"
EndProject
Global
	GlobalSection(SolutionConfigurationPlatforms) = preSolution
		Debug|Any CPU = Debug|Any CPU
		Release|Any CPU = Release|Any CPU
	EndGlobalSection
	GlobalSection(ProjectConfigurationPlatforms) = postSolution
		{6F05C021-80E2-4013-9486-3C582DB5E9BD}.Debug|Any CPU.ActiveCfg = Debug|Any CPU
		{6F05C021-80E2-4013-9486-3C582DB5E9BD}.Debug|Any CPU.Build.0 = Debug|Any CPU
		{6F05C021-80E2-4013-9486-3C582DB5E9BD}.Release|Any CPU.ActiveCfg = Release|Any CPU
		{6F05C021-80E2-4013-9486-3C582DB5E9BD}.Release|Any CPU.Build.0 = Release|Any CPU
	EndGlobalSection
	GlobalSection(SolutionProperties) = preSolution
		HideSolutionNode = FALSE
	EndGlobalSection
	GlobalSection(ExtensibilityGlobals) = postSolution
		SolutionGuid = {7D1AE3DD-915C-468C-89E3-1F95AE90E7C7}
	EndGlobalSection
EndGlobal
