
Microsoft Visual Studio Solution File, Format Version 12.00
# Visual Studio 15
VisualStudioVersion = 15.0.26730.15
MinimumVisualStudioVersion = 10.0.40219.1
Project("{FAE04EC0-301F-11D3-BF4B-00C04F79EFBC}") = "Arrays", "Arrays\Arrays.csproj", "{F2231B9A-E169-4410-A65B-1FEE5248A383}"
EndProject
Global
	GlobalSection(SolutionConfigurationPlatforms) = preSolution
		Debug|Any CPU = Debug|Any CPU
		Release|Any CPU = Release|Any CPU
	EndGlobalSection
	GlobalSection(ProjectConfigurationPlatforms) = postSolution
		{F2231B9A-E169-4410-A65B-1FEE5248A383}.Debug|Any CPU.ActiveCfg = Debug|Any CPU
		{F2231B9A-E169-4410-A65B-1FEE5248A383}.Debug|Any CPU.Build.0 = Debug|Any CPU
		{F2231B9A-E169-4410-A65B-1FEE5248A383}.Release|Any CPU.ActiveCfg = Release|Any CPU
		{F2231B9A-E169-4410-A65B-1FEE5248A383}.Release|Any CPU.Build.0 = Release|Any CPU
	EndGlobalSection
	GlobalSection(SolutionProperties) = preSolution
		HideSolutionNode = FALSE
	EndGlobalSection
	GlobalSection(ExtensibilityGlobals) = postSolution
		SolutionGuid = {F06EBF46-FE73-438B-83DA-A5217E8A250A}
	EndGlobalSection
EndGlobal
